// !$*UTF8*$!
{
	archiveVersion = 1;
	classes = {
	};
	objectVersion = 48;
	objects = {

/* Begin PBXBuildFile section */
		AB8BE38C2037694000120776 /* Uri.swift in Sources */ = {isa = PBXBuildFile; fileRef = AB8BE38B2037694000120776 /* Uri.swift */; };
		AB9B243F202AFABD00B256BB /* AppDelegate.swift in Sources */ = {isa = PBXBuildFile; fileRef = AB9B243E202AFABD00B256BB /* AppDelegate.swift */; };
		AB9B2441202AFABD00B256BB /* ViewController.swift in Sources */ = {isa = PBXBuildFile; fileRef = AB9B2440202AFABD00B256BB /* ViewController.swift */; };
		AB9B2444202AFABD00B256BB /* Main.storyboard in Resources */ = {isa = PBXBuildFile; fileRef = AB9B2442202AFABD00B256BB /* Main.storyboard */; };
		AB9B2446202AFABD00B256BB /* Assets.xcassets in Resources */ = {isa = PBXBuildFile; fileRef = AB9B2445202AFABD00B256BB /* Assets.xcassets */; };
		AB9B2449202AFABD00B256BB /* LaunchScreen.storyboard in Resources */ = {isa = PBXBuildFile; fileRef = AB9B2447202AFABD00B256BB /* LaunchScreen.storyboard */; };
		AB9B2454202AFABD00B256BB /* AppTrackerTests.swift in Sources */ = {isa = PBXBuildFile; fileRef = AB9B2453202AFABD00B256BB /* AppTrackerTests.swift */; };
		AB9B245F202AFABD00B256BB /* AppTrackerUITests.swift in Sources */ = {isa = PBXBuildFile; fileRef = AB9B245E202AFABD00B256BB /* AppTrackerUITests.swift */; };
		ABD0D4842035DACD00669B44 /* CustomObject.m in Sources */ = {isa = PBXBuildFile; fileRef = ABD0D4832035DACD00669B44 /* CustomObject.m */; };
/* End PBXBuildFile section */

/* Begin PBXContainerItemProxy section */
		AB9B2450202AFABD00B256BB /* PBXContainerItemProxy */ = {
			isa = PBXContainerItemProxy;
			containerPortal = AB9B2433202AFABD00B256BB /* Project object */;
			proxyType = 1;
			remoteGlobalIDString = AB9B243A202AFABD00B256BB;
			remoteInfo = AppTracker;
		};
		AB9B245B202AFABD00B256BB /* PBXContainerItemProxy */ = {
			isa = PBXContainerItemProxy;
			containerPortal = AB9B2433202AFABD00B256BB /* Project object */;
			proxyType = 1;
			remoteGlobalIDString = AB9B243A202AFABD00B256BB;
			remoteInfo = AppTracker;
		};
/* End PBXContainerItemProxy section */

/* Begin PBXFileReference section */
		AB8BE38B2037694000120776 /* Uri.swift */ = {isa = PBXFileReference; lastKnownFileType = sourcecode.swift; path = Uri.swift; sourceTree = "<group>"; };
		AB9B243B202AFABD00B256BB /* AppTracker.app */ = {isa = PBXFileReference; explicitFileType = wrapper.application; includeInIndex = 0; path = AppTracker.app; sourceTree = BUILT_PRODUCTS_DIR; };
		AB9B243E202AFABD00B256BB /* AppDelegate.swift */ = {isa = PBXFileReference; lastKnownFileType = sourcecode.swift; path = AppDelegate.swift; sourceTree = "<group>"; };
		AB9B2440202AFABD00B256BB /* ViewController.swift */ = {isa = PBXFileReference; lastKnownFileType = sourcecode.swift; path = ViewController.swift; sourceTree = "<group>"; };
		AB9B2443202AFABD00B256BB /* Base */ = {isa = PBXFileReference; lastKnownFileType = file.storyboard; name = Base; path = Base.lproj/Main.storyboard; sourceTree = "<group>"; };
		AB9B2445202AFABD00B256BB /* Assets.xcassets */ = {isa = PBXFileReference; lastKnownFileType = folder.assetcatalog; path = Assets.xcassets; sourceTree = "<group>"; };
		AB9B2448202AFABD00B256BB /* Base */ = {isa = PBXFileReference; lastKnownFileType = file.storyboard; name = Base; path = Base.lproj/LaunchScreen.storyboard; sourceTree = "<group>"; };
		AB9B244A202AFABD00B256BB /* Info.plist */ = {isa = PBXFileReference; lastKnownFileType = text.plist.xml; path = Info.plist; sourceTree = "<group>"; };
		AB9B244F202AFABD00B256BB /* AppTrackerTests.xctest */ = {isa = PBXFileReference; explicitFileType = wrapper.cfbundle; includeInIndex = 0; path = AppTrackerTests.xctest; sourceTree = BUILT_PRODUCTS_DIR; };
		AB9B2453202AFABD00B256BB /* AppTrackerTests.swift */ = {isa = PBXFileReference; lastKnownFileType = sourcecode.swift; path = AppTrackerTests.swift; sourceTree = "<group>"; };
		AB9B2455202AFABD00B256BB /* Info.plist */ = {isa = PBXFileReference; lastKnownFileType = text.plist.xml; path = Info.plist; sourceTree = "<group>"; };
		AB9B245A202AFABD00B256BB /* AppTrackerUITests.xctest */ = {isa = PBXFileReference; explicitFileType = wrapper.cfbundle; includeInIndex = 0; path = AppTrackerUITests.xctest; sourceTree = BUILT_PRODUCTS_DIR; };
		AB9B245E202AFABD00B256BB /* AppTrackerUITests.swift */ = {isa = PBXFileReference; lastKnownFileType = sourcecode.swift; path = AppTrackerUITests.swift; sourceTree = "<group>"; };
		AB9B2460202AFABD00B256BB /* Info.plist */ = {isa = PBXFileReference; lastKnownFileType = text.plist.xml; path = Info.plist; sourceTree = "<group>"; };
		ABD0D4822035DACD00669B44 /* AppTracker-Bridging-Header.h */ = {isa = PBXFileReference; lastKnownFileType = sourcecode.c.h; path = "AppTracker-Bridging-Header.h"; sourceTree = "<group>"; };
		ABD0D4832035DACD00669B44 /* CustomObject.m */ = {isa = PBXFileReference; lastKnownFileType = sourcecode.c.objc; path = CustomObject.m; sourceTree = "<group>"; };
		ABD0D4852035DB8F00669B44 /* CustomObject.h */ = {isa = PBXFileReference; lastKnownFileType = sourcecode.c.h; path = CustomObject.h; sourceTree = "<group>"; };
/* End PBXFileReference section */

/* Begin PBXFrameworksBuildPhase section */
		AB9B2438202AFABD00B256BB /* Frameworks */ = {
			isa = PBXFrameworksBuildPhase;
			buildActionMask = 2147483647;
			files = (
			);
			runOnlyForDeploymentPostprocessing = 0;
		};
		AB9B244C202AFABD00B256BB /* Frameworks */ = {
			isa = PBXFrameworksBuildPhase;
			buildActionMask = 2147483647;
			files = (
			);
			runOnlyForDeploymentPostprocessing = 0;
		};
		AB9B2457202AFABD00B256BB /* Frameworks */ = {
			isa = PBXFrameworksBuildPhase;
			buildActionMask = 2147483647;
			files = (
			);
			runOnlyForDeploymentPostprocessing = 0;
		};
/* End PBXFrameworksBuildPhase section */

/* Begin PBXGroup section */
		AB9B2432202AFABD00B256BB = {
			isa = PBXGroup;
			children = (
				AB9B243D202AFABD00B256BB /* AppTracker */,
				AB9B2452202AFABD00B256BB /* AppTrackerTests */,
				AB9B245D202AFABD00B256BB /* AppTrackerUITests */,
				AB9B243C202AFABD00B256BB /* Products */,
			);
			sourceTree = "<group>";
		};
		AB9B243C202AFABD00B256BB /* Products */ = {
			isa = PBXGroup;
			children = (
				AB9B243B202AFABD00B256BB /* AppTracker.app */,
				AB9B244F202AFABD00B256BB /* AppTrackerTests.xctest */,
				AB9B245A202AFABD00B256BB /* AppTrackerUITests.xctest */,
			);
			name = Products;
			sourceTree = "<group>";
		};
		AB9B243D202AFABD00B256BB /* AppTracker */ = {
			isa = PBXGroup;
			children = (
				AB9B243E202AFABD00B256BB /* AppDelegate.swift */,
				AB9B2440202AFABD00B256BB /* ViewController.swift */,
				AB9B2442202AFABD00B256BB /* Main.storyboard */,
				AB9B2445202AFABD00B256BB /* Assets.xcassets */,
				AB9B2447202AFABD00B256BB /* LaunchScreen.storyboard */,
				AB9B244A202AFABD00B256BB /* Info.plist */,
				ABD0D4832035DACD00669B44 /* CustomObject.m */,
				ABD0D4822035DACD00669B44 /* AppTracker-Bridging-Header.h */,
				ABD0D4852035DB8F00669B44 /* CustomObject.h */,
				AB8BE38B2037694000120776 /* Uri.swift */,
			);
			path = AppTracker;
			sourceTree = "<group>";
		};
		AB9B2452202AFABD00B256BB /* AppTrackerTests */ = {
			isa = PBXGroup;
			children = (
				AB9B2453202AFABD00B256BB /* AppTrackerTests.swift */,
				AB9B2455202AFABD00B256BB /* Info.plist */,
			);
			path = AppTrackerTests;
			sourceTree = "<group>";
		};
		AB9B245D202AFABD00B256BB /* AppTrackerUITests */ = {
			isa = PBXGroup;
			children = (
				AB9B245E202AFABD00B256BB /* AppTrackerUITests.swift */,
				AB9B2460202AFABD00B256BB /* Info.plist */,
			);
			path = AppTrackerUITests;
			sourceTree = "<group>";
		};
/* End PBXGroup section */

/* Begin PBXNativeTarget section */
		AB9B243A202AFABD00B256BB /* AppTracker */ = {
			isa = PBXNativeTarget;
			buildConfigurationList = AB9B2463202AFABD00B256BB /* Build configuration list for PBXNativeTarget "AppTracker" */;
			buildPhases = (
				AB9B2437202AFABD00B256BB /* Sources */,
				AB9B2438202AFABD00B256BB /* Frameworks */,
				AB9B2439202AFABD00B256BB /* Resources */,
			);
			buildRules = (
			);
			dependencies = (
			);
			name = AppTracker;
			productName = AppTracker;
			productReference = AB9B243B202AFABD00B256BB /* AppTracker.app */;
			productType = "com.apple.product-type.application";
		};
		AB9B244E202AFABD00B256BB /* AppTrackerTests */ = {
			isa = PBXNativeTarget;
			buildConfigurationList = AB9B2466202AFABD00B256BB /* Build configuration list for PBXNativeTarget "AppTrackerTests" */;
			buildPhases = (
				AB9B244B202AFABD00B256BB /* Sources */,
				AB9B244C202AFABD00B256BB /* Frameworks */,
				AB9B244D202AFABD00B256BB /* Resources */,
			);
			buildRules = (
			);
			dependencies = (
				AB9B2451202AFABD00B256BB /* PBXTargetDependency */,
			);
			name = AppTrackerTests;
			productName = AppTrackerTests;
			productReference = AB9B244F202AFABD00B256BB /* AppTrackerTests.xctest */;
			productType = "com.apple.product-type.bundle.unit-test";
		};
		AB9B2459202AFABD00B256BB /* AppTrackerUITests */ = {
			isa = PBXNativeTarget;
			buildConfigurationList = AB9B2469202AFABD00B256BB /* Build configuration list for PBXNativeTarget "AppTrackerUITests" */;
			buildPhases = (
				AB9B2456202AFABD00B256BB /* Sources */,
				AB9B2457202AFABD00B256BB /* Frameworks */,
				AB9B2458202AFABD00B256BB /* Resources */,
			);
			buildRules = (
			);
			dependencies = (
				AB9B245C202AFABD00B256BB /* PBXTargetDependency */,
			);
			name = AppTrackerUITests;
			productName = AppTrackerUITests;
			productReference = AB9B245A202AFABD00B256BB /* AppTrackerUITests.xctest */;
			productType = "com.apple.product-type.bundle.ui-testing";
		};
/* End PBXNativeTarget section */

/* Begin PBXProject section */
		AB9B2433202AFABD00B256BB /* Project object */ = {
			isa = PBXProject;
			attributes = {
				LastSwiftUpdateCheck = 0920;
				LastUpgradeCheck = 0920;
				ORGANIZATIONNAME = jonathan;
				TargetAttributes = {
					AB9B243A202AFABD00B256BB = {
						CreatedOnToolsVersion = 9.2;
						LastSwiftMigration = 0920;
						ProvisioningStyle = Automatic;
					};
					AB9B244E202AFABD00B256BB = {
						CreatedOnToolsVersion = 9.2;
						ProvisioningStyle = Automatic;
						TestTargetID = AB9B243A202AFABD00B256BB;
					};
					AB9B2459202AFABD00B256BB = {
						CreatedOnToolsVersion = 9.2;
						ProvisioningStyle = Automatic;
						TestTargetID = AB9B243A202AFABD00B256BB;
					};
				};
			};
			buildConfigurationList = AB9B2436202AFABD00B256BB /* Build configuration list for PBXProject "AppTracker" */;
			compatibilityVersion = "Xcode 8.0";
			developmentRegion = en;
			hasScannedForEncodings = 0;
			knownRegions = (
				en,
				Base,
			);
			mainGroup = AB9B2432202AFABD00B256BB;
			productRefGroup = AB9B243C202AFABD00B256BB /* Products */;
			projectDirPath = "";
			projectRoot = "";
			targets = (
				AB9B243A202AFABD00B256BB /* AppTracker */,
				AB9B244E202AFABD00B256BB /* AppTrackerTests */,
				AB9B2459202AFABD00B256BB /* AppTrackerUITests */,
			);
		};
/* End PBXProject section */

/* Begin PBXResourcesBuildPhase section */
		AB9B2439202AFABD00B256BB /* Resources */ = {
			isa = PBXResourcesBuildPhase;
			buildActionMask = 2147483647;
			files = (
				AB9B2449202AFABD00B256BB /* LaunchScreen.storyboard in Resources */,
				AB9B2446202AFABD00B256BB /* Assets.xcassets in Resources */,
				AB9B2444202AFABD00B256BB /* Main.storyboard in Resources */,
			);
			runOnlyForDeploymentPostprocessing = 0;
		};
		AB9B244D202AFABD00B256BB /* Resources */ = {
			isa = PBXResourcesBuildPhase;
			buildActionMask = 2147483647;
			files = (
			);
			runOnlyForDeploymentPostprocessing = 0;
		};
		AB9B2458202AFABD00B256BB /* Resources */ = {
			isa = PBXResourcesBuildPhase;
			buildActionMask = 2147483647;
			files = (
			);
			runOnlyForDeploymentPostprocessing = 0;
		};
/* End PBXResourcesBuildPhase section */

/* Begin PBXSourcesBuildPhase section */
		AB9B2437202AFABD00B256BB /* Sources */ = {
			isa = PBXSourcesBuildPhase;
			buildActionMask = 2147483647;
			files = (
				AB8BE38C2037694000120776 /* Uri.swift in Sources */,
				AB9B2441202AFABD00B256BB /* ViewController.swift in Sources */,
				ABD0D4842035DACD00669B44 /* CustomObject.m in Sources */,
				AB9B243F202AFABD00B256BB /* AppDelegate.swift in Sources */,
			);
			runOnlyForDeploymentPostprocessing = 0;
		};
		AB9B244B202AFABD00B256BB /* Sources */ = {
			isa = PBXSourcesBuildPhase;
			buildActionMask = 2147483647;
			files = (
				AB9B2454202AFABD00B256BB /* AppTrackerTests.swift in Sources */,
			);
			runOnlyForDeploymentPostprocessing = 0;
		};
		AB9B2456202AFABD00B256BB /* Sources */ = {
			isa = PBXSourcesBuildPhase;
			buildActionMask = 2147483647;
			files = (
				AB9B245F202AFABD00B256BB /* AppTrackerUITests.swift in Sources */,
			);
			runOnlyForDeploymentPostprocessing = 0;
		};
/* End PBXSourcesBuildPhase section */

/* Begin PBXTargetDependency section */
		AB9B2451202AFABD00B256BB /* PBXTargetDependency */ = {
			isa = PBXTargetDependency;
			target = AB9B243A202AFABD00B256BB /* AppTracker */;
			targetProxy = AB9B2450202AFABD00B256BB /* PBXContainerItemProxy */;
		};
		AB9B245C202AFABD00B256BB /* PBXTargetDependency */ = {
			isa = PBXTargetDependency;
			target = AB9B243A202AFABD00B256BB /* AppTracker */;
			targetProxy = AB9B245B202AFABD00B256BB /* PBXContainerItemProxy */;
		};
/* End PBXTargetDependency section */

/* Begin PBXVariantGroup section */
		AB9B2442202AFABD00B256BB /* Main.storyboard */ = {
			isa = PBXVariantGroup;
			children = (
				AB9B2443202AFABD00B256BB /* Base */,
			);
			name = Main.storyboard;
			sourceTree = "<group>";
		};
		AB9B2447202AFABD00B256BB /* LaunchScreen.storyboard */ = {
			isa = PBXVariantGroup;
			children = (
				AB9B2448202AFABD00B256BB /* Base */,
			);
			name = LaunchScreen.storyboard;
			sourceTree = "<group>";
		};
/* End PBXVariantGroup section */

/* Begin XCBuildConfiguration section */
		AB9B2461202AFABD00B256BB /* Debug */ = {
			isa = XCBuildConfiguration;
			buildSettings = {
				ALWAYS_SEARCH_USER_PATHS = NO;
				CLANG_ANALYZER_NONNULL = YES;
				CLANG_ANALYZER_NUMBER_OBJECT_CONVERSION = YES_AGGRESSIVE;
				CLANG_CXX_LANGUAGE_STANDARD = "gnu++14";
				CLANG_CXX_LIBRARY = "libc++";
				CLANG_ENABLE_MODULES = YES;
				CLANG_ENABLE_OBJC_ARC = YES;
				CLANG_WARN_BLOCK_CAPTURE_AUTORELEASING = YES;
				CLANG_WARN_BOOL_CONVERSION = YES;
				CLANG_WARN_COMMA = YES;
				CLANG_WARN_CONSTANT_CONVERSION = YES;
				CLANG_WARN_DIRECT_OBJC_ISA_USAGE = YES_ERROR;
				CLANG_WARN_DOCUMENTATION_COMMENTS = YES;
				CLANG_WARN_EMPTY_BODY = YES;
				CLANG_WARN_ENUM_CONVERSION = YES;
				CLANG_WARN_INFINITE_RECURSION = YES;
				CLANG_WARN_INT_CONVERSION = YES;
				CLANG_WARN_NON_LITERAL_NULL_CONVERSION = YES;
				CLANG_WARN_OBJC_LITERAL_CONVERSION = YES;
				CLANG_WARN_OBJC_ROOT_CLASS = YES_ERROR;
				CLANG_WARN_RANGE_LOOP_ANALYSIS = YES;
				CLANG_WARN_STRICT_PROTOTYPES = YES;
				CLANG_WARN_SUSPICIOUS_MOVE = YES;
				CLANG_WARN_UNGUARDED_AVAILABILITY = YES_AGGRESSIVE;
				CLANG_WARN_UNREACHABLE_CODE = YES;
				CLANG_WARN__DUPLICATE_METHOD_MATCH = YES;
				CODE_SIGN_IDENTITY = "iPhone Developer";
				COPY_PHASE_STRIP = NO;
				DEBUG_INFORMATION_FORMAT = dwarf;
				ENABLE_STRICT_OBJC_MSGSEND = YES;
				ENABLE_TESTABILITY = YES;
				GCC_C_LANGUAGE_STANDARD = gnu11;
				GCC_DYNAMIC_NO_PIC = NO;
				GCC_NO_COMMON_BLOCKS = YES;
				GCC_OPTIMIZATION_LEVEL = 0;
				GCC_PREPROCESSOR_DEFINITIONS = (
					"DEBUG=1",
					"$(inherited)",
				);
				GCC_WARN_64_TO_32_BIT_CONVERSION = YES;
				GCC_WARN_ABOUT_RETURN_TYPE = YES_ERROR;
				GCC_WARN_UNDECLARED_SELECTOR = YES;
				GCC_WARN_UNINITIALIZED_AUTOS = YES_AGGRESSIVE;
				GCC_WARN_UNUSED_FUNCTION = YES;
				GCC_WARN_UNUSED_VARIABLE = YES;
				IPHONEOS_DEPLOYMENT_TARGET = 11.2;
				MTL_ENABLE_DEBUG_INFO = YES;
				ONLY_ACTIVE_ARCH = YES;
				SDKROOT = iphoneos;
				SWIFT_ACTIVE_COMPILATION_CONDITIONS = DEBUG;
				SWIFT_OPTIMIZATION_LEVEL = "-Onone";
			};
			name = Debug;
		};
		AB9B2462202AFABD00B256BB /* Release */ = {
			isa = XCBuildConfiguration;
			buildSettings = {
				ALWAYS_SEARCH_USER_PATHS = NO;
				CLANG_ANALYZER_NONNULL = YES;
				CLANG_ANALYZER_NUMBER_OBJECT_CONVERSION = YES_AGGRESSIVE;
				CLANG_CXX_LANGUAGE_STANDARD = "gnu++14";
				CLANG_CXX_LIBRARY = "libc++";
				CLANG_ENABLE_MODULES = YES;
				CLANG_ENABLE_OBJC_ARC = YES;
				CLANG_WARN_BLOCK_CAPTURE_AUTORELEASING = YES;
				CLANG_WARN_BOOL_CONVERSION = YES;
				CLANG_WARN_COMMA = YES;
				CLANG_WARN_CONSTANT_CONVERSION = YES;
				CLANG_WARN_DIRECT_OBJC_ISA_USAGE = YES_ERROR;
				CLANG_WARN_DOCUMENTATION_COMMENTS = YES;
				CLANG_WARN_EMPTY_BODY = YES;
				CLANG_WARN_ENUM_CONVERSION = YES;
				CLANG_WARN_INFINITE_RECURSION = YES;
				CLANG_WARN_INT_CONVERSION = YES;
				CLANG_WARN_NON_LITERAL_NULL_CONVERSION = YES;
				CLANG_WARN_OBJC_LITERAL_CONVERSION = YES;
				CLANG_WARN_OBJC_ROOT_CLASS = YES_ERROR;
				CLANG_WARN_RANGE_LOOP_ANALYSIS = YES;
				CLANG_WARN_STRICT_PROTOTYPES = YES;
				CLANG_WARN_SUSPICIOUS_MOVE = YES;
				CLANG_WARN_UNGUARDED_AVAILABILITY = YES_AGGRESSIVE;
				CLANG_WARN_UNREACHABLE_CODE = YES;
				CLANG_WARN__DUPLICATE_METHOD_MATCH = YES;
				CODE_SIGN_IDENTITY = "iPhone Developer";
				COPY_PHASE_STRIP = NO;
				DEBUG_INFORMATION_FORMAT = "dwarf-with-dsym";
				ENABLE_NS_ASSERTIONS = NO;
				ENABLE_STRICT_OBJC_MSGSEND = YES;
				GCC_C_LANGUAGE_STANDARD = gnu11;
				GCC_NO_COMMON_BLOCKS = YES;
				GCC_WARN_64_TO_32_BIT_CONVERSION = YES;
				GCC_WARN_ABOUT_RETURN_TYPE = YES_ERROR;
				GCC_WARN_UNDECLARED_SELECTOR = YES;
				GCC_WARN_UNINITIALIZED_AUTOS = YES_AGGRESSIVE;
				GCC_WARN_UNUSED_FUNCTION = YES;
				GCC_WARN_UNUSED_VARIABLE = YES;
				IPHONEOS_DEPLOYMENT_TARGET = 11.2;
				MTL_ENABLE_DEBUG_INFO = NO;
				SDKROOT = iphoneos;
				SWIFT_OPTIMIZATION_LEVEL = "-Owholemodule";
				VALIDATE_PRODUCT = YES;
			};
			name = Release;
		};
		AB9B2464202AFABD00B256BB /* Debug */ = {
			isa = XCBuildConfiguration;
			buildSettings = {
				ASSETCATALOG_COMPILER_APPICON_NAME = AppIcon;
				CLANG_ENABLE_MODULES = YES;
				CODE_SIGN_STYLE = Automatic;
				DEVELOPMENT_TEAM = 22REW924GS;
				INFOPLIST_FILE = AppTracker/Info.plist;
				LD_RUNPATH_SEARCH_PATHS = "$(inherited) @executable_path/Frameworks";
				PRODUCT_BUNDLE_IDENTIFIER = ShuriGhost.AppTracker;
				PRODUCT_NAME = "$(TARGET_NAME)";
				SWIFT_OBJC_BRIDGING_HEADER = "AppTracker/AppTracker-Bridging-Header.h";
				SWIFT_OPTIMIZATION_LEVEL = "-Onone";
				SWIFT_VERSION = 4.0;
				TARGETED_DEVICE_FAMILY = "1,2";
			};
			name = Debug;
		};
		AB9B2465202AFABD00B256BB /* Release */ = {
			isa = XCBuildConfiguration;
			buildSettings = {
				ASSETCATALOG_COMPILER_APPICON_NAME = AppIcon;
				CLANG_ENABLE_MODULES = YES;
				CODE_SIGN_STYLE = Automatic;
				DEVELOPMENT_TEAM = 22REW924GS;
				INFOPLIST_FILE = AppTracker/Info.plist;
				LD_RUNPATH_SEARCH_PATHS = "$(inherited) @executable_path/Frameworks";
				PRODUCT_BUNDLE_IDENTIFIER = ShuriGhost.AppTracker;
				PRODUCT_NAME = "$(TARGET_NAME)";
				SWIFT_OBJC_BRIDGING_HEADER = "AppTracker/AppTracker-Bridging-Header.h";
				SWIFT_VERSION = 4.0;
				TARGETED_DEVICE_FAMILY = "1,2";
			};
			name = Release;
		};
		AB9B2467202AFABD00B256BB /* Debug */ = {
			isa = XCBuildConfiguration;
			buildSettings = {
				ALWAYS_EMBED_SWIFT_STANDARD_LIBRARIES = YES;
				BUNDLE_LOADER = "$(TEST_HOST)";
				CODE_SIGN_STYLE = Automatic;
				INFOPLIST_FILE = AppTrackerTests/Info.plist;
				LD_RUNPATH_SEARCH_PATHS = "$(inherited) @executable_path/Frameworks @loader_path/Frameworks";
				PRODUCT_BUNDLE_IDENTIFIER = ShuriGhost.AppTrackerTests;
				PRODUCT_NAME = "$(TARGET_NAME)";
				SWIFT_VERSION = 4.0;
				TARGETED_DEVICE_FAMILY = "1,2";
				TEST_HOST = "$(BUILT_PRODUCTS_DIR)/AppTracker.app/AppTracker";
			};
			name = Debug;
		};
		AB9B2468202AFABD00B256BB /* Release */ = {
			isa = XCBuildConfiguration;
			buildSettings = {
				ALWAYS_EMBED_SWIFT_STANDARD_LIBRARIES = YES;
				BUNDLE_LOADER = "$(TEST_HOST)";
				CODE_SIGN_STYLE = Automatic;
				INFOPLIST_FILE = AppTrackerTests/Info.plist;
				LD_RUNPATH_SEARCH_PATHS = "$(inherited) @executable_path/Frameworks @loader_path/Frameworks";
				PRODUCT_BUNDLE_IDENTIFIER = ShuriGhost.AppTrackerTests;
				PRODUCT_NAME = "$(TARGET_NAME)";
				SWIFT_VERSION = 4.0;
				TARGETED_DEVICE_FAMILY = "1,2";
				TEST_HOST = "$(BUILT_PRODUCTS_DIR)/AppTracker.app/AppTracker";
			};
			name = Release;
		};
		AB9B246A202AFABD00B256BB /* Debug */ = {
			isa = XCBuildConfiguration;
			buildSettings = {
				ALWAYS_EMBED_SWIFT_STANDARD_LIBRARIES = YES;
				CODE_SIGN_STYLE = Automatic;
				INFOPLIST_FILE = AppTrackerUITests/Info.plist;
				LD_RUNPATH_SEARCH_PATHS = "$(inherited) @executable_path/Frameworks @loader_path/Frameworks";
				PRODUCT_BUNDLE_IDENTIFIER = ShuriGhost.AppTrackerUITests;
				PRODUCT_NAME = "$(TARGET_NAME)";
				SWIFT_VERSION = 4.0;
				TARGETED_DEVICE_FAMILY = "1,2";
				TEST_TARGET_NAME = AppTracker;
			};
			name = Debug;
		};
		AB9B246B202AFABD00B256BB /* Release */ = {
			isa = XCBuildConfiguration;
			buildSettings = {
				ALWAYS_EMBED_SWIFT_STANDARD_LIBRARIES = YES;
				CODE_SIGN_STYLE = Automatic;
				INFOPLIST_FILE = AppTrackerUITests/Info.plist;
				LD_RUNPATH_SEARCH_PATHS = "$(inherited) @executable_path/Frameworks @loader_path/Frameworks";
				PRODUCT_BUNDLE_IDENTIFIER = ShuriGhost.AppTrackerUITests;
				PRODUCT_NAME = "$(TARGET_NAME)";
				SWIFT_VERSION = 4.0;
				TARGETED_DEVICE_FAMILY = "1,2";
				TEST_TARGET_NAME = AppTracker;
			};
			name = Release;
		};
/* End XCBuildConfiguration section */

/* Begin XCConfigurationList section */
		AB9B2436202AFABD00B256BB /* Build configuration list for PBXProject "AppTracker" */ = {
			isa = XCConfigurationList;
			buildConfigurations = (
				AB9B2461202AFABD00B256BB /* Debug */,
				AB9B2462202AFABD00B256BB /* Release */,
			);
			defaultConfigurationIsVisible = 0;
			defaultConfigurationName = Release;
		};
		AB9B2463202AFABD00B256BB /* Build configuration list for PBXNativeTarget "AppTracker" */ = {
			isa = XCConfigurationList;
			buildConfigurations = (
				AB9B2464202AFABD00B256BB /* Debug */,
				AB9B2465202AFABD00B256BB /* Release */,
			);
			defaultConfigurationIsVisible = 0;
			defaultConfigurationName = Release;
		};
		AB9B2466202AFABD00B256BB /* Build configuration list for PBXNativeTarget "AppTrackerTests" */ = {
			isa = XCConfigurationList;
			buildConfigurations = (
				AB9B2467202AFABD00B256BB /* Debug */,
				AB9B2468202AFABD00B256BB /* Release */,
			);
			defaultConfigurationIsVisible = 0;
			defaultConfigurationName = Release;
		};
		AB9B2469202AFABD00B256BB /* Build configuration list for PBXNativeTarget "AppTrackerUITests" */ = {
			isa = XCConfigurationList;
			buildConfigurations = (
				AB9B246A202AFABD00B256BB /* Debug */,
				AB9B246B202AFABD00B256BB /* Release */,
			);
			defaultConfigurationIsVisible = 0;
			defaultConfigurationName = Release;
		};
/* End XCConfigurationList section */
	};
	rootObject = AB9B2433202AFABD00B256BB /* Project object */;
}
