
Microsoft Visual Studio Solution File, Format Version 12.00
# Visual Studio 15
VisualStudioVersion = 15.0.27004.2006
MinimumVisualStudioVersion = 10.0.40219.1
Project("{D954291E-2A0B-460D-934E-DC6B0785DB48}") = "AppTracker", "AppTracker\AppTracker\AppTracker.shproj", "{9C81C659-10E6-4A1E-A794-AC276484277D}"
EndProject
Project("{FAE04EC0-301F-11D3-BF4B-00C04F79EFBC}") = "AppTracker.Android", "AppTracker\AppTracker.Android\AppTracker.Android.csproj", "{F8B03471-2C82-4259-84F1-5B2EF5E708B8}"
EndProject
Project("{FAE04EC0-301F-11D3-BF4B-00C04F79EFBC}") = "AppTracker.iOS", "AppTracker\AppTracker.iOS\AppTracker.iOS.csproj", "{5C1E214C-4DB9-4A7F-AACF-C44DAA5E6114}"
EndProject
Global
	GlobalSection(SharedMSBuildProjectFiles) = preSolution
		AppTracker\AppTracker\AppTracker.projitems*{5c1e214c-4db9-4a7f-aacf-c44daa5e6114}*SharedItemsImports = 4
		AppTracker\AppTracker\AppTracker.projitems*{9c81c659-10e6-4a1e-a794-ac276484277d}*SharedItemsImports = 13
		AppTracker\AppTracker\AppTracker.projitems*{f8b03471-2c82-4259-84f1-5b2ef5e708b8}*SharedItemsImports = 4
	EndGlobalSection
	GlobalSection(SolutionConfigurationPlatforms) = preSolution
		Ad-Hoc|Any CPU = Ad-Hoc|Any CPU
		Ad-Hoc|iPhone = Ad-Hoc|iPhone
		Ad-Hoc|iPhoneSimulator = Ad-Hoc|iPhoneSimulator
		AppStore|Any CPU = AppStore|Any CPU
		AppStore|iPhone = AppStore|iPhone
		AppStore|iPhoneSimulator = AppStore|iPhoneSimulator
		Debug|Any CPU = Debug|Any CPU
		Debug|iPhone = Debug|iPhone
		Debug|iPhoneSimulator = Debug|iPhoneSimulator
		Release|Any CPU = Release|Any CPU
		Release|iPhone = Release|iPhone
		Release|iPhoneSimulator = Release|iPhoneSimulator
	EndGlobalSection
	GlobalSection(ProjectConfigurationPlatforms) = postSolution
		{F8B03471-2C82-4259-84F1-5B2EF5E708B8}.Ad-Hoc|Any CPU.ActiveCfg = Release|Any CPU
		{F8B03471-2C82-4259-84F1-5B2EF5E708B8}.Ad-Hoc|Any CPU.Build.0 = Release|Any CPU
		{F8B03471-2C82-4259-84F1-5B2EF5E708B8}.Ad-Hoc|Any CPU.Deploy.0 = Release|Any CPU
		{F8B03471-2C82-4259-84F1-5B2EF5E708B8}.Ad-Hoc|iPhone.ActiveCfg = Release|Any CPU
		{F8B03471-2C82-4259-84F1-5B2EF5E708B8}.Ad-Hoc|iPhone.Build.0 = Release|Any CPU
		{F8B03471-2C82-4259-84F1-5B2EF5E708B8}.Ad-Hoc|iPhone.Deploy.0 = Release|Any CPU
		{F8B03471-2C82-4259-84F1-5B2EF5E708B8}.Ad-Hoc|iPhoneSimulator.ActiveCfg = Release|Any CPU
		{F8B03471-2C82-4259-84F1-5B2EF5E708B8}.Ad-Hoc|iPhoneSimulator.Build.0 = Release|Any CPU
		{F8B03471-2C82-4259-84F1-5B2EF5E708B8}.Ad-Hoc|iPhoneSimulator.Deploy.0 = Release|Any CPU
		{F8B03471-2C82-4259-84F1-5B2EF5E708B8}.AppStore|Any CPU.ActiveCfg = Release|Any CPU
		{F8B03471-2C82-4259-84F1-5B2EF5E708B8}.AppStore|Any CPU.Build.0 = Release|Any CPU
		{F8B03471-2C82-4259-84F1-5B2EF5E708B8}.AppStore|Any CPU.Deploy.0 = Release|Any CPU
		{F8B03471-2C82-4259-84F1-5B2EF5E708B8}.AppStore|iPhone.ActiveCfg = Release|Any CPU
		{F8B03471-2C82-4259-84F1-5B2EF5E708B8}.AppStore|iPhone.Build.0 = Release|Any CPU
		{F8B03471-2C82-4259-84F1-5B2EF5E708B8}.AppStore|iPhone.Deploy.0 = Release|Any CPU
		{F8B03471-2C82-4259-84F1-5B2EF5E708B8}.AppStore|iPhoneSimulator.ActiveCfg = Release|Any CPU
		{F8B03471-2C82-4259-84F1-5B2EF5E708B8}.AppStore|iPhoneSimulator.Build.0 = Release|Any CPU
		{F8B03471-2C82-4259-84F1-5B2EF5E708B8}.AppStore|iPhoneSimulator.Deploy.0 = Release|Any CPU
		{F8B03471-2C82-4259-84F1-5B2EF5E708B8}.Debug|Any CPU.ActiveCfg = Debug|Any CPU
		{F8B03471-2C82-4259-84F1-5B2EF5E708B8}.Debug|Any CPU.Build.0 = Debug|Any CPU
		{F8B03471-2C82-4259-84F1-5B2EF5E708B8}.Debug|Any CPU.Deploy.0 = Debug|Any CPU
		{F8B03471-2C82-4259-84F1-5B2EF5E708B8}.Debug|iPhone.ActiveCfg = Debug|Any CPU
		{F8B03471-2C82-4259-84F1-5B2EF5E708B8}.Debug|iPhone.Build.0 = Debug|Any CPU
		{F8B03471-2C82-4259-84F1-5B2EF5E708B8}.Debug|iPhone.Deploy.0 = Debug|Any CPU
		{F8B03471-2C82-4259-84F1-5B2EF5E708B8}.Debug|iPhoneSimulator.ActiveCfg = Debug|Any CPU
		{F8B03471-2C82-4259-84F1-5B2EF5E708B8}.Debug|iPhoneSimulator.Build.0 = Debug|Any CPU
		{F8B03471-2C82-4259-84F1-5B2EF5E708B8}.Debug|iPhoneSimulator.Deploy.0 = Debug|Any CPU
		{F8B03471-2C82-4259-84F1-5B2EF5E708B8}.Release|Any CPU.ActiveCfg = Release|Any CPU
		{F8B03471-2C82-4259-84F1-5B2EF5E708B8}.Release|Any CPU.Build.0 = Release|Any CPU
		{F8B03471-2C82-4259-84F1-5B2EF5E708B8}.Release|Any CPU.Deploy.0 = Release|Any CPU
		{F8B03471-2C82-4259-84F1-5B2EF5E708B8}.Release|iPhone.ActiveCfg = Release|Any CPU
		{F8B03471-2C82-4259-84F1-5B2EF5E708B8}.Release|iPhone.Build.0 = Release|Any CPU
		{F8B03471-2C82-4259-84F1-5B2EF5E708B8}.Release|iPhone.Deploy.0 = Release|Any CPU
		{F8B03471-2C82-4259-84F1-5B2EF5E708B8}.Release|iPhoneSimulator.ActiveCfg = Release|Any CPU
		{F8B03471-2C82-4259-84F1-5B2EF5E708B8}.Release|iPhoneSimulator.Build.0 = Release|Any CPU
		{F8B03471-2C82-4259-84F1-5B2EF5E708B8}.Release|iPhoneSimulator.Deploy.0 = Release|Any CPU
		{5C1E214C-4DB9-4A7F-AACF-C44DAA5E6114}.Ad-Hoc|Any CPU.ActiveCfg = Ad-Hoc|iPhoneSimulator
		{5C1E214C-4DB9-4A7F-AACF-C44DAA5E6114}.Ad-Hoc|iPhone.ActiveCfg = Ad-Hoc|iPhone
		{5C1E214C-4DB9-4A7F-AACF-C44DAA5E6114}.Ad-Hoc|iPhone.Build.0 = Ad-Hoc|iPhone
		{5C1E214C-4DB9-4A7F-AACF-C44DAA5E6114}.Ad-Hoc|iPhoneSimulator.ActiveCfg = Ad-Hoc|iPhoneSimulator
		{5C1E214C-4DB9-4A7F-AACF-C44DAA5E6114}.Ad-Hoc|iPhoneSimulator.Build.0 = Ad-Hoc|iPhoneSimulator
		{5C1E214C-4DB9-4A7F-AACF-C44DAA5E6114}.AppStore|Any CPU.ActiveCfg = AppStore|iPhoneSimulator
		{5C1E214C-4DB9-4A7F-AACF-C44DAA5E6114}.AppStore|iPhone.ActiveCfg = AppStore|iPhone
		{5C1E214C-4DB9-4A7F-AACF-C44DAA5E6114}.AppStore|iPhone.Build.0 = AppStore|iPhone
		{5C1E214C-4DB9-4A7F-AACF-C44DAA5E6114}.AppStore|iPhoneSimulator.ActiveCfg = AppStore|iPhoneSimulator
		{5C1E214C-4DB9-4A7F-AACF-C44DAA5E6114}.AppStore|iPhoneSimulator.Build.0 = AppStore|iPhoneSimulator
		{5C1E214C-4DB9-4A7F-AACF-C44DAA5E6114}.Debug|Any CPU.ActiveCfg = Debug|iPhoneSimulator
		{5C1E214C-4DB9-4A7F-AACF-C44DAA5E6114}.Debug|iPhone.ActiveCfg = Debug|iPhone
		{5C1E214C-4DB9-4A7F-AACF-C44DAA5E6114}.Debug|iPhone.Build.0 = Debug|iPhone
		{5C1E214C-4DB9-4A7F-AACF-C44DAA5E6114}.Debug|iPhoneSimulator.ActiveCfg = Debug|iPhoneSimulator
		{5C1E214C-4DB9-4A7F-AACF-C44DAA5E6114}.Debug|iPhoneSimulator.Build.0 = Debug|iPhoneSimulator
		{5C1E214C-4DB9-4A7F-AACF-C44DAA5E6114}.Release|Any CPU.ActiveCfg = Release|iPhoneSimulator
		{5C1E214C-4DB9-4A7F-AACF-C44DAA5E6114}.Release|iPhone.ActiveCfg = Release|iPhone
		{5C1E214C-4DB9-4A7F-AACF-C44DAA5E6114}.Release|iPhone.Build.0 = Release|iPhone
		{5C1E214C-4DB9-4A7F-AACF-C44DAA5E6114}.Release|iPhoneSimulator.ActiveCfg = Release|iPhoneSimulator
		{5C1E214C-4DB9-4A7F-AACF-C44DAA5E6114}.Release|iPhoneSimulator.Build.0 = Release|iPhoneSimulator
	EndGlobalSection
	GlobalSection(SolutionProperties) = preSolution
		HideSolutionNode = FALSE
	EndGlobalSection
	GlobalSection(ExtensibilityGlobals) = postSolution
		SolutionGuid = {E8D8E588-1AC6-44AB-A0BB-4DD1FA33DF15}
	EndGlobalSection
EndGlobal
